
Microsoft Visual Studio Solution File, Format Version 12.00
# Visual Studio Version 16
VisualStudioVersion = 16.0.29306.81
MinimumVisualStudioVersion = 10.0.40219.1
Project("{FAE04EC0-301F-11D3-BF4B-00C04F79EFBC}") = "Azuretestproject", "Azuretestproject\Azuretestproject.csproj", "{76FDB84A-B2B5-45A4-B519-E1EBC82B409E}"
EndProject
Global
	GlobalSection(SolutionConfigurationPlatforms) = preSolution
		Debug|Any CPU = Debug|Any CPU
		Release|Any CPU = Release|Any CPU
	EndGlobalSection
	GlobalSection(ProjectConfigurationPlatforms) = postSolution
		{76FDB84A-B2B5-45A4-B519-E1EBC82B409E}.Debug|Any CPU.ActiveCfg = Debug|Any CPU
		{76FDB84A-B2B5-45A4-B519-E1EBC82B409E}.Debug|Any CPU.Build.0 = Debug|Any CPU
		{76FDB84A-B2B5-45A4-B519-E1EBC82B409E}.Release|Any CPU.ActiveCfg = Release|Any CPU
		{76FDB84A-B2B5-45A4-B519-E1EBC82B409E}.Release|Any CPU.Build.0 = Release|Any CPU
	EndGlobalSection
	GlobalSection(SolutionProperties) = preSolution
		HideSolutionNode = FALSE
	EndGlobalSection
	GlobalSection(ExtensibilityGlobals) = postSolution
		SolutionGuid = {14A59080-AB15-4CB8-ADE9-69DA9C6ACF83}
	EndGlobalSection
EndGlobal
